
Microsoft Visual Studio Solution File, Format Version 12.00
# Visual Studio 15
VisualStudioVersion = 15.0.28307.572
MinimumVisualStudioVersion = 10.0.40219.1
Project("{FAE04EC0-301F-11D3-BF4B-00C04F79EFBC}") = "BlackWidows", "BlackWidows\BlackWidows.csproj", "{9B566E22-06D7-49D1-A631-897592482BDA}"
EndProject
Global
	GlobalSection(SolutionConfigurationPlatforms) = preSolution
		Debug|Any CPU = Debug|Any CPU
		Release|Any CPU = Release|Any CPU
	EndGlobalSection
	GlobalSection(ProjectConfigurationPlatforms) = postSolution
		{9B566E22-06D7-49D1-A631-897592482BDA}.Debug|Any CPU.ActiveCfg = Debug|Any CPU
		{9B566E22-06D7-49D1-A631-897592482BDA}.Debug|Any CPU.Build.0 = Debug|Any CPU
		{9B566E22-06D7-49D1-A631-897592482BDA}.Release|Any CPU.ActiveCfg = Release|Any CPU
		{9B566E22-06D7-49D1-A631-897592482BDA}.Release|Any CPU.Build.0 = Release|Any CPU
	EndGlobalSection
	GlobalSection(SolutionProperties) = preSolution
		HideSolutionNode = FALSE
	EndGlobalSection
	GlobalSection(ExtensibilityGlobals) = postSolution
		SolutionGuid = {4C400377-15EE-4040-A95B-571CF1C869A2}
	EndGlobalSection
EndGlobal
